
Microsoft Visual Studio Solution File, Format Version 12.00
# Visual Studio 2013
VisualStudioVersion = 12.0.40629.0
MinimumVisualStudioVersion = 10.0.40219.1
Project("{2150E333-8FDC-42A3-9474-1A3956D46DE8}") = "JsMiracle.WCF", "JsMiracle.WCF", "{950481E5-FFF3-4F00-A3CD-9938A9DCE535}"
EndProject
Project("{2150E333-8FDC-42A3-9474-1A3956D46DE8}") = "Concrete", "Concrete", "{3570C1E7-474E-42FF-94CF-8A4CD53B8828}"
EndProject
Project("{2150E333-8FDC-42A3-9474-1A3956D46DE8}") = "Abstract", "Abstract", "{0E9178C8-835F-447D-8295-6053C41F9606}"
EndProject
Project("{FAE04EC0-301F-11D3-BF4B-00C04F79EFBC}") = "JsMiracle.WCF.UP.IAuthMng", "JsMiracle.WCF\Abstract\JsMiracle.WCF.UP.IAuthMng\JsMiracle.WCF.UP.IAuthMng.csproj", "{2C471699-DE0D-4C66-B3AC-7F53366F55D3}"
EndProject
Project("{FAE04EC0-301F-11D3-BF4B-00C04F79EFBC}") = "JsMiracle.WCF.UP.AuthMng", "JsMiracle.WCF\Concrete\JsMiracle.WCF.UP.AuthMng\JsMiracle.WCF.UP.AuthMng.csproj", "{1AE9C210-F775-4100-9F14-37D5034030E0}"
EndProject
Project("{2150E333-8FDC-42A3-9474-1A3956D46DE8}") = "UI", "UI", "{D5209B2E-D35E-407D-A4E9-C9AF7B87F2CF}"
EndProject
Project("{FAE04EC0-301F-11D3-BF4B-00C04F79EFBC}") = "JsMiracle.WCF.TestService", "JsMiracle.WCF\UI\JsMiracle.WCF.TestService\JsMiracle.WCF.TestService.csproj", "{BDA74197-DF78-4CC0-8999-CAF172870DD0}"
EndProject
Project("{FAE04EC0-301F-11D3-BF4B-00C04F79EFBC}") = "JsMiracle.WCF.BaseWcfClient", "JsMiracle.WCF\Abstract\JsMiracle.WCF.BaseWcfClient\JsMiracle.WCF.BaseWcfClient.csproj", "{E51C8AFB-28EE-4AAD-B754-5AA592CAD95B}"
EndProject
Project("{2150E333-8FDC-42A3-9474-1A3956D46DE8}") = "Configuration", "Configuration", "{27A5ADE5-9BE8-4A4A-AB27-AB512681F497}"
EndProject
Project("{FAE04EC0-301F-11D3-BF4B-00C04F79EFBC}") = "JsMiracle.WCF.Config", "JsMiracle.WCF\Configuration\JsMiracle.WCF.Config\JsMiracle.WCF.Config.csproj", "{95CCE93B-312F-45A5-B9F9-63466240DAC3}"
	ProjectSection(ProjectDependencies) = postProject
		{64474A41-6745-4DDB-801E-9F745AA20742} = {64474A41-6745-4DDB-801E-9F745AA20742}
	EndProjectSection
EndProject
Project("{2150E333-8FDC-42A3-9474-1A3956D46DE8}") = "JsMiracle.Infrastructure", "JsMiracle.Infrastructure", "{64DCE930-F252-45F0-99AA-707185D85EC0}"
EndProject
Project("{FAE04EC0-301F-11D3-BF4B-00C04F79EFBC}") = "JsMiracle.InversionOfControl", "JsMiracle.Infrastructure\JsMiracle.InversionOfControl\JsMiracle.InversionOfControl.csproj", "{A5251262-7E10-491D-95EF-CD2EE9864B98}"
EndProject
Project("{FAE04EC0-301F-11D3-BF4B-00C04F79EFBC}") = "JsMiracle.WCF.CM.ICommonMng", "JsMiracle.WCF\Abstract\JsMiracle.WCF.CM.ICommonMng\JsMiracle.WCF.CM.ICommonMng.csproj", "{5BD397D5-8F70-43C4-849E-725A7CAEBC0C}"
EndProject
Project("{FAE04EC0-301F-11D3-BF4B-00C04F79EFBC}") = "JsMiracle.WCF.CM.CommonMng", "JsMiracle.WCF\Concrete\JsMiracle.WCF.CM.CommonMng\JsMiracle.WCF.CM.CommonMng.csproj", "{95FD53CA-7E70-44E2-8AA1-9DDAEE25A68E}"
EndProject
Project("{FAE04EC0-301F-11D3-BF4B-00C04F79EFBC}") = "JsMiracle.WCF.CB.ICoreBussiness", "JsMiracle.WCF\Abstract\JsMiracle.WCF.CB.ICoreBussiness\JsMiracle.WCF.CB.ICoreBussiness.csproj", "{69E262E1-C0C9-45D3-83C4-2663D9483710}"
EndProject
Project("{FAE04EC0-301F-11D3-BF4B-00C04F79EFBC}") = "JsMiracle.WCF.CB.CoreBussiness", "JsMiracle.WCF\Concrete\JsMiracle.WCF.CB.CoreBussiness\JsMiracle.WCF.CB.CoreBussiness.csproj", "{BF4D39DC-6B5B-48DC-BB5B-42FB5C570ED8}"
EndProject
Project("{2150E333-8FDC-42A3-9474-1A3956D46DE8}") = "JsMiracle.MVC", "JsMiracle.MVC", "{BBAF947B-8337-4546-8652-76ECB424BC7E}"
EndProject
Project("{FAE04EC0-301F-11D3-BF4B-00C04F79EFBC}") = "JsMiracle.Entities", "JsMiracle.MVC\JsMiracle.Entities\JsMiracle.Entities.csproj", "{AA0525A6-1245-4D83-A127-535C7F29D5B4}"
EndProject
Project("{FAE04EC0-301F-11D3-BF4B-00C04F79EFBC}") = "JsMiracle.WebUI", "JsMiracle.MVC\JsMiracle.WebUI\JsMiracle.WebUI.csproj", "{EA17367B-1635-4867-9526-DEBE74799715}"
EndProject
Project("{FAE04EC0-301F-11D3-BF4B-00C04F79EFBC}") = "JsMiracle.Framework", "JsMiracle.Infrastructure\JsMiracle.Framework\JsMiracle.Framework.csproj", "{64474A41-6745-4DDB-801E-9F745AA20742}"
EndProject
Project("{FAE04EC0-301F-11D3-BF4B-00C04F79EFBC}") = "Jsmiracle.Infrastructure.UnitTests", "JsMiracle.Infrastructure\Jsmiracle.Infrastructure.UnitTests\Jsmiracle.Infrastructure.UnitTests.csproj", "{19C347BC-8B13-4940-A2DF-4A036FD38C48}"
EndProject
Project("{FAE04EC0-301F-11D3-BF4B-00C04F79EFBC}") = "JsMiracle.WCF.WcfBaseService", "JsMiracle.WCF\Concrete\JsMiracle.WCF.WcfBaseService\JsMiracle.WCF.WcfBaseService.csproj", "{B6242F08-7EE1-4D6E-88A9-75C425C8FD00}"
EndProject
Project("{FAE04EC0-301F-11D3-BF4B-00C04F79EFBC}") = "JsMiracle.WCF.Interface", "JsMiracle.WCF\Abstract\JsMiracle.WCF.Interface\JsMiracle.WCF.Interface.csproj", "{E692D0EE-CD35-4A1A-924E-146A19E4737C}"
EndProject
Project("{FAE04EC0-301F-11D3-BF4B-00C04F79EFBC}") = "JsMiracle.WCF.VC.IOrderForm", "JsMiracle.WCF\Abstract\JsMiracle.Wcf.VC.IOrderForm\JsMiracle.WCF.VC.IOrderForm.csproj", "{C8D62465-110B-4976-B720-59F47A13BAAF}"
EndProject
Project("{FAE04EC0-301F-11D3-BF4B-00C04F79EFBC}") = "JsMiracle.WCF.VC.OrderForm", "JsMiracle.WCF\Concrete\JsMiracle.WCF.VC.OrderForm\JsMiracle.WCF.VC.OrderForm.csproj", "{C61AB5DC-FA6F-4ED9-ACD3-97763D775513}"
EndProject
Project("{FAE04EC0-301F-11D3-BF4B-00C04F79EFBC}") = "JsMiracle.MVC.UnitTests", "JsMiracle.MVC\JsMiracle.MVC.UnitTests\JsMiracle.MVC.UnitTests.csproj", "{2196EA50-BF0C-4155-92B7-03825B4CFE59}"
EndProject
Project("{FAE04EC0-301F-11D3-BF4B-00C04F79EFBC}") = "JsMiracle.WCF.WT.WorkTasks", "JsMiracle.WCF\Concrete\JsMiracle.WCF.WT.WorkTasks\JsMiracle.WCF.WT.WorkTasks.csproj", "{853BF6DF-8A72-4056-90F2-277193609F1A}"
EndProject
Project("{FAE04EC0-301F-11D3-BF4B-00C04F79EFBC}") = "JsMiracle.WCF.WT.IWorkTasks", "JsMiracle.WCF\Abstract\JsMiracle.WCF.WT.IWorkTasks\JsMiracle.WCF.WT.IWorkTasks.csproj", "{1033F3E7-B673-4405-88AF-13A8BCFB93D4}"
EndProject
Project("{FAE04EC0-301F-11D3-BF4B-00C04F79EFBC}") = "JsMiracle.WCF.IBusinessOperations", "JsMiracle.WCF\Abstract\JsMiracle.WCF.IBusinessOperations\JsMiracle.WCF.IBusinessOperations.csproj", "{BB5A1C0C-E127-494A-ABF4-080728B68EB9}"
EndProject
Project("{FAE04EC0-301F-11D3-BF4B-00C04F79EFBC}") = "JsMiracle.WCF.BusinessOperations", "JsMiracle.WCF\Concrete\JsMiracle.WCF.BusinessOperations\JsMiracle.WCF.BusinessOperations.csproj", "{7484E0CF-C2D8-4D19-B42B-468A22164CFB}"
EndProject
Global
	GlobalSection(SolutionConfigurationPlatforms) = preSolution
		Debug|Any CPU = Debug|Any CPU
		Release|Any CPU = Release|Any CPU
	EndGlobalSection
	GlobalSection(ProjectConfigurationPlatforms) = postSolution
		{2C471699-DE0D-4C66-B3AC-7F53366F55D3}.Debug|Any CPU.ActiveCfg = Debug|Any CPU
		{2C471699-DE0D-4C66-B3AC-7F53366F55D3}.Debug|Any CPU.Build.0 = Debug|Any CPU
		{2C471699-DE0D-4C66-B3AC-7F53366F55D3}.Release|Any CPU.ActiveCfg = Release|Any CPU
		{2C471699-DE0D-4C66-B3AC-7F53366F55D3}.Release|Any CPU.Build.0 = Release|Any CPU
		{1AE9C210-F775-4100-9F14-37D5034030E0}.Debug|Any CPU.ActiveCfg = Debug|Any CPU
		{1AE9C210-F775-4100-9F14-37D5034030E0}.Debug|Any CPU.Build.0 = Debug|Any CPU
		{1AE9C210-F775-4100-9F14-37D5034030E0}.Release|Any CPU.ActiveCfg = Release|Any CPU
		{1AE9C210-F775-4100-9F14-37D5034030E0}.Release|Any CPU.Build.0 = Release|Any CPU
		{BDA74197-DF78-4CC0-8999-CAF172870DD0}.Debug|Any CPU.ActiveCfg = Debug|Any CPU
		{BDA74197-DF78-4CC0-8999-CAF172870DD0}.Debug|Any CPU.Build.0 = Debug|Any CPU
		{BDA74197-DF78-4CC0-8999-CAF172870DD0}.Release|Any CPU.ActiveCfg = Release|Any CPU
		{BDA74197-DF78-4CC0-8999-CAF172870DD0}.Release|Any CPU.Build.0 = Release|Any CPU
		{E51C8AFB-28EE-4AAD-B754-5AA592CAD95B}.Debug|Any CPU.ActiveCfg = Debug|Any CPU
		{E51C8AFB-28EE-4AAD-B754-5AA592CAD95B}.Debug|Any CPU.Build.0 = Debug|Any CPU
		{E51C8AFB-28EE-4AAD-B754-5AA592CAD95B}.Release|Any CPU.ActiveCfg = Release|Any CPU
		{E51C8AFB-28EE-4AAD-B754-5AA592CAD95B}.Release|Any CPU.Build.0 = Release|Any CPU
		{95CCE93B-312F-45A5-B9F9-63466240DAC3}.Debug|Any CPU.ActiveCfg = Debug|Any CPU
		{95CCE93B-312F-45A5-B9F9-63466240DAC3}.Debug|Any CPU.Build.0 = Debug|Any CPU
		{95CCE93B-312F-45A5-B9F9-63466240DAC3}.Release|Any CPU.ActiveCfg = Release|Any CPU
		{95CCE93B-312F-45A5-B9F9-63466240DAC3}.Release|Any CPU.Build.0 = Release|Any CPU
		{A5251262-7E10-491D-95EF-CD2EE9864B98}.Debug|Any CPU.ActiveCfg = Debug|Any CPU
		{A5251262-7E10-491D-95EF-CD2EE9864B98}.Debug|Any CPU.Build.0 = Debug|Any CPU
		{A5251262-7E10-491D-95EF-CD2EE9864B98}.Release|Any CPU.ActiveCfg = Release|Any CPU
		{A5251262-7E10-491D-95EF-CD2EE9864B98}.Release|Any CPU.Build.0 = Release|Any CPU
		{5BD397D5-8F70-43C4-849E-725A7CAEBC0C}.Debug|Any CPU.ActiveCfg = Debug|Any CPU
		{5BD397D5-8F70-43C4-849E-725A7CAEBC0C}.Debug|Any CPU.Build.0 = Debug|Any CPU
		{5BD397D5-8F70-43C4-849E-725A7CAEBC0C}.Release|Any CPU.ActiveCfg = Release|Any CPU
		{5BD397D5-8F70-43C4-849E-725A7CAEBC0C}.Release|Any CPU.Build.0 = Release|Any CPU
		{95FD53CA-7E70-44E2-8AA1-9DDAEE25A68E}.Debug|Any CPU.ActiveCfg = Debug|Any CPU
		{95FD53CA-7E70-44E2-8AA1-9DDAEE25A68E}.Debug|Any CPU.Build.0 = Debug|Any CPU
		{95FD53CA-7E70-44E2-8AA1-9DDAEE25A68E}.Release|Any CPU.ActiveCfg = Release|Any CPU
		{95FD53CA-7E70-44E2-8AA1-9DDAEE25A68E}.Release|Any CPU.Build.0 = Release|Any CPU
		{69E262E1-C0C9-45D3-83C4-2663D9483710}.Debug|Any CPU.ActiveCfg = Debug|Any CPU
		{69E262E1-C0C9-45D3-83C4-2663D9483710}.Debug|Any CPU.Build.0 = Debug|Any CPU
		{69E262E1-C0C9-45D3-83C4-2663D9483710}.Release|Any CPU.ActiveCfg = Release|Any CPU
		{69E262E1-C0C9-45D3-83C4-2663D9483710}.Release|Any CPU.Build.0 = Release|Any CPU
		{BF4D39DC-6B5B-48DC-BB5B-42FB5C570ED8}.Debug|Any CPU.ActiveCfg = Debug|Any CPU
		{BF4D39DC-6B5B-48DC-BB5B-42FB5C570ED8}.Debug|Any CPU.Build.0 = Debug|Any CPU
		{BF4D39DC-6B5B-48DC-BB5B-42FB5C570ED8}.Release|Any CPU.ActiveCfg = Release|Any CPU
		{BF4D39DC-6B5B-48DC-BB5B-42FB5C570ED8}.Release|Any CPU.Build.0 = Release|Any CPU
		{AA0525A6-1245-4D83-A127-535C7F29D5B4}.Debug|Any CPU.ActiveCfg = Debug|Any CPU
		{AA0525A6-1245-4D83-A127-535C7F29D5B4}.Debug|Any CPU.Build.0 = Debug|Any CPU
		{AA0525A6-1245-4D83-A127-535C7F29D5B4}.Release|Any CPU.ActiveCfg = Release|Any CPU
		{AA0525A6-1245-4D83-A127-535C7F29D5B4}.Release|Any CPU.Build.0 = Release|Any CPU
		{EA17367B-1635-4867-9526-DEBE74799715}.Debug|Any CPU.ActiveCfg = Debug|Any CPU
		{EA17367B-1635-4867-9526-DEBE74799715}.Debug|Any CPU.Build.0 = Debug|Any CPU
		{EA17367B-1635-4867-9526-DEBE74799715}.Release|Any CPU.ActiveCfg = Release|Any CPU
		{EA17367B-1635-4867-9526-DEBE74799715}.Release|Any CPU.Build.0 = Release|Any CPU
		{64474A41-6745-4DDB-801E-9F745AA20742}.Debug|Any CPU.ActiveCfg = Debug|Any CPU
		{64474A41-6745-4DDB-801E-9F745AA20742}.Debug|Any CPU.Build.0 = Debug|Any CPU
		{64474A41-6745-4DDB-801E-9F745AA20742}.Release|Any CPU.ActiveCfg = Release|Any CPU
		{64474A41-6745-4DDB-801E-9F745AA20742}.Release|Any CPU.Build.0 = Release|Any CPU
		{19C347BC-8B13-4940-A2DF-4A036FD38C48}.Debug|Any CPU.ActiveCfg = Debug|Any CPU
		{19C347BC-8B13-4940-A2DF-4A036FD38C48}.Debug|Any CPU.Build.0 = Debug|Any CPU
		{19C347BC-8B13-4940-A2DF-4A036FD38C48}.Release|Any CPU.ActiveCfg = Release|Any CPU
		{19C347BC-8B13-4940-A2DF-4A036FD38C48}.Release|Any CPU.Build.0 = Release|Any CPU
		{B6242F08-7EE1-4D6E-88A9-75C425C8FD00}.Debug|Any CPU.ActiveCfg = Debug|Any CPU
		{B6242F08-7EE1-4D6E-88A9-75C425C8FD00}.Debug|Any CPU.Build.0 = Debug|Any CPU
		{B6242F08-7EE1-4D6E-88A9-75C425C8FD00}.Release|Any CPU.ActiveCfg = Release|Any CPU
		{B6242F08-7EE1-4D6E-88A9-75C425C8FD00}.Release|Any CPU.Build.0 = Release|Any CPU
		{E692D0EE-CD35-4A1A-924E-146A19E4737C}.Debug|Any CPU.ActiveCfg = Debug|Any CPU
		{E692D0EE-CD35-4A1A-924E-146A19E4737C}.Debug|Any CPU.Build.0 = Debug|Any CPU
		{E692D0EE-CD35-4A1A-924E-146A19E4737C}.Release|Any CPU.ActiveCfg = Release|Any CPU
		{E692D0EE-CD35-4A1A-924E-146A19E4737C}.Release|Any CPU.Build.0 = Release|Any CPU
		{C8D62465-110B-4976-B720-59F47A13BAAF}.Debug|Any CPU.ActiveCfg = Debug|Any CPU
		{C8D62465-110B-4976-B720-59F47A13BAAF}.Debug|Any CPU.Build.0 = Debug|Any CPU
		{C8D62465-110B-4976-B720-59F47A13BAAF}.Release|Any CPU.ActiveCfg = Release|Any CPU
		{C8D62465-110B-4976-B720-59F47A13BAAF}.Release|Any CPU.Build.0 = Release|Any CPU
		{C61AB5DC-FA6F-4ED9-ACD3-97763D775513}.Debug|Any CPU.ActiveCfg = Debug|Any CPU
		{C61AB5DC-FA6F-4ED9-ACD3-97763D775513}.Debug|Any CPU.Build.0 = Debug|Any CPU
		{C61AB5DC-FA6F-4ED9-ACD3-97763D775513}.Release|Any CPU.ActiveCfg = Release|Any CPU
		{C61AB5DC-FA6F-4ED9-ACD3-97763D775513}.Release|Any CPU.Build.0 = Release|Any CPU
		{2196EA50-BF0C-4155-92B7-03825B4CFE59}.Debug|Any CPU.ActiveCfg = Debug|Any CPU
		{2196EA50-BF0C-4155-92B7-03825B4CFE59}.Debug|Any CPU.Build.0 = Debug|Any CPU
		{2196EA50-BF0C-4155-92B7-03825B4CFE59}.Release|Any CPU.ActiveCfg = Release|Any CPU
		{2196EA50-BF0C-4155-92B7-03825B4CFE59}.Release|Any CPU.Build.0 = Release|Any CPU
		{853BF6DF-8A72-4056-90F2-277193609F1A}.Debug|Any CPU.ActiveCfg = Debug|Any CPU
		{853BF6DF-8A72-4056-90F2-277193609F1A}.Debug|Any CPU.Build.0 = Debug|Any CPU
		{853BF6DF-8A72-4056-90F2-277193609F1A}.Release|Any CPU.ActiveCfg = Release|Any CPU
		{853BF6DF-8A72-4056-90F2-277193609F1A}.Release|Any CPU.Build.0 = Release|Any CPU
		{1033F3E7-B673-4405-88AF-13A8BCFB93D4}.Debug|Any CPU.ActiveCfg = Debug|Any CPU
		{1033F3E7-B673-4405-88AF-13A8BCFB93D4}.Debug|Any CPU.Build.0 = Debug|Any CPU
		{1033F3E7-B673-4405-88AF-13A8BCFB93D4}.Release|Any CPU.ActiveCfg = Release|Any CPU
		{1033F3E7-B673-4405-88AF-13A8BCFB93D4}.Release|Any CPU.Build.0 = Release|Any CPU
		{BB5A1C0C-E127-494A-ABF4-080728B68EB9}.Debug|Any CPU.ActiveCfg = Debug|Any CPU
		{BB5A1C0C-E127-494A-ABF4-080728B68EB9}.Debug|Any CPU.Build.0 = Debug|Any CPU
		{BB5A1C0C-E127-494A-ABF4-080728B68EB9}.Release|Any CPU.ActiveCfg = Release|Any CPU
		{BB5A1C0C-E127-494A-ABF4-080728B68EB9}.Release|Any CPU.Build.0 = Release|Any CPU
		{7484E0CF-C2D8-4D19-B42B-468A22164CFB}.Debug|Any CPU.ActiveCfg = Debug|Any CPU
		{7484E0CF-C2D8-4D19-B42B-468A22164CFB}.Debug|Any CPU.Build.0 = Debug|Any CPU
		{7484E0CF-C2D8-4D19-B42B-468A22164CFB}.Release|Any CPU.ActiveCfg = Release|Any CPU
		{7484E0CF-C2D8-4D19-B42B-468A22164CFB}.Release|Any CPU.Build.0 = Release|Any CPU
	EndGlobalSection
	GlobalSection(SolutionProperties) = preSolution
		HideSolutionNode = FALSE
	EndGlobalSection
	GlobalSection(NestedProjects) = preSolution
		{3570C1E7-474E-42FF-94CF-8A4CD53B8828} = {950481E5-FFF3-4F00-A3CD-9938A9DCE535}
		{0E9178C8-835F-447D-8295-6053C41F9606} = {950481E5-FFF3-4F00-A3CD-9938A9DCE535}
		{2C471699-DE0D-4C66-B3AC-7F53366F55D3} = {0E9178C8-835F-447D-8295-6053C41F9606}
		{1AE9C210-F775-4100-9F14-37D5034030E0} = {3570C1E7-474E-42FF-94CF-8A4CD53B8828}
		{D5209B2E-D35E-407D-A4E9-C9AF7B87F2CF} = {950481E5-FFF3-4F00-A3CD-9938A9DCE535}
		{BDA74197-DF78-4CC0-8999-CAF172870DD0} = {D5209B2E-D35E-407D-A4E9-C9AF7B87F2CF}
		{E51C8AFB-28EE-4AAD-B754-5AA592CAD95B} = {0E9178C8-835F-447D-8295-6053C41F9606}
		{27A5ADE5-9BE8-4A4A-AB27-AB512681F497} = {950481E5-FFF3-4F00-A3CD-9938A9DCE535}
		{95CCE93B-312F-45A5-B9F9-63466240DAC3} = {27A5ADE5-9BE8-4A4A-AB27-AB512681F497}
		{A5251262-7E10-491D-95EF-CD2EE9864B98} = {64DCE930-F252-45F0-99AA-707185D85EC0}
		{5BD397D5-8F70-43C4-849E-725A7CAEBC0C} = {0E9178C8-835F-447D-8295-6053C41F9606}
		{95FD53CA-7E70-44E2-8AA1-9DDAEE25A68E} = {3570C1E7-474E-42FF-94CF-8A4CD53B8828}
		{69E262E1-C0C9-45D3-83C4-2663D9483710} = {0E9178C8-835F-447D-8295-6053C41F9606}
		{BF4D39DC-6B5B-48DC-BB5B-42FB5C570ED8} = {3570C1E7-474E-42FF-94CF-8A4CD53B8828}
		{AA0525A6-1245-4D83-A127-535C7F29D5B4} = {BBAF947B-8337-4546-8652-76ECB424BC7E}
		{EA17367B-1635-4867-9526-DEBE74799715} = {BBAF947B-8337-4546-8652-76ECB424BC7E}
		{64474A41-6745-4DDB-801E-9F745AA20742} = {64DCE930-F252-45F0-99AA-707185D85EC0}
		{19C347BC-8B13-4940-A2DF-4A036FD38C48} = {64DCE930-F252-45F0-99AA-707185D85EC0}
		{B6242F08-7EE1-4D6E-88A9-75C425C8FD00} = {3570C1E7-474E-42FF-94CF-8A4CD53B8828}
		{E692D0EE-CD35-4A1A-924E-146A19E4737C} = {0E9178C8-835F-447D-8295-6053C41F9606}
		{C8D62465-110B-4976-B720-59F47A13BAAF} = {0E9178C8-835F-447D-8295-6053C41F9606}
		{C61AB5DC-FA6F-4ED9-ACD3-97763D775513} = {3570C1E7-474E-42FF-94CF-8A4CD53B8828}
		{2196EA50-BF0C-4155-92B7-03825B4CFE59} = {BBAF947B-8337-4546-8652-76ECB424BC7E}
		{853BF6DF-8A72-4056-90F2-277193609F1A} = {3570C1E7-474E-42FF-94CF-8A4CD53B8828}
		{1033F3E7-B673-4405-88AF-13A8BCFB93D4} = {0E9178C8-835F-447D-8295-6053C41F9606}
		{BB5A1C0C-E127-494A-ABF4-080728B68EB9} = {0E9178C8-835F-447D-8295-6053C41F9606}
		{7484E0CF-C2D8-4D19-B42B-468A22164CFB} = {3570C1E7-474E-42FF-94CF-8A4CD53B8828}
	EndGlobalSection
EndGlobal
